// !$*UTF8*$!
{
	archiveVersion = 1;
	classes = {
	};
	objectVersion = 55;
	objects = {

/* Begin PBXBuildFile section */
		A52FA963282CD8AA00E97CED /* UserDefaultsManager.swift in Sources */ = {isa = PBXBuildFile; fileRef = A52FA962282CD8AA00E97CED /* UserDefaultsManager.swift */; };
		A52FA966282CD98D00E97CED /* UserModel.swift in Sources */ = {isa = PBXBuildFile; fileRef = A52FA965282CD98D00E97CED /* UserModel.swift */; };
		A52FA968282CDEE900E97CED /* AletrtOk.swift in Sources */ = {isa = PBXBuildFile; fileRef = A52FA967282CDEE900E97CED /* AletrtOk.swift */; };
		A560401E2822D0C600FDAD34 /* UIViewController+Extension.swift in Sources */ = {isa = PBXBuildFile; fileRef = A560401D2822D0C600FDAD34 /* UIViewController+Extension.swift */; };
		A56040202822D2F400FDAD34 /* DetailAlbumViewController.swift in Sources */ = {isa = PBXBuildFile; fileRef = A560401F2822D2F400FDAD34 /* DetailAlbumViewController.swift */; };
		A56040222822D30600FDAD34 /* UserInfoViewController.swift in Sources */ = {isa = PBXBuildFile; fileRef = A56040212822D30600FDAD34 /* UserInfoViewController.swift */; };
		A56040262822D6F500FDAD34 /* AlbumTableViewCell.swift in Sources */ = {isa = PBXBuildFile; fileRef = A56040252822D6F500FDAD34 /* AlbumTableViewCell.swift */; };
		A56E64BD28241CA00065DE53 /* SongsCollectionViewCell.swift in Sources */ = {isa = PBXBuildFile; fileRef = A56E64BC28241CA00065DE53 /* SongsCollectionViewCell.swift */; };
		A5831A1128227229001D9D03 /* AppDelegate.swift in Sources */ = {isa = PBXBuildFile; fileRef = A5831A1028227229001D9D03 /* AppDelegate.swift */; };
		A5831A1528227229001D9D03 /* AuthViewController.swift in Sources */ = {isa = PBXBuildFile; fileRef = A5831A1428227229001D9D03 /* AuthViewController.swift */; };
		A5831A1A2822722A001D9D03 /* Assets.xcassets in Resources */ = {isa = PBXBuildFile; fileRef = A5831A192822722A001D9D03 /* Assets.xcassets */; };
		A5831A1D2822722A001D9D03 /* LaunchScreen.storyboard in Resources */ = {isa = PBXBuildFile; fileRef = A5831A1B2822722A001D9D03 /* LaunchScreen.storyboard */; };
		A5831A2528227B5A001D9D03 /* SignUpViewController.swift in Sources */ = {isa = PBXBuildFile; fileRef = A5831A2428227B5A001D9D03 /* SignUpViewController.swift */; };
		A5831A2728227B6D001D9D03 /* AlbumsViewController.swift in Sources */ = {isa = PBXBuildFile; fileRef = A5831A2628227B6D001D9D03 /* AlbumsViewController.swift */; };
		A5831A2B28227F0C001D9D03 /* UIStackView+Extensions.swift in Sources */ = {isa = PBXBuildFile; fileRef = A5831A2A28227F0C001D9D03 /* UIStackView+Extensions.swift */; };
		A5CAC7F5282669750036954F /* String+Extension.swift in Sources */ = {isa = PBXBuildFile; fileRef = A5CAC7F4282669750036954F /* String+Extension.swift */; };
/* End PBXBuildFile section */

/* Begin PBXFileReference section */
		A52FA962282CD8AA00E97CED /* UserDefaultsManager.swift */ = {isa = PBXFileReference; lastKnownFileType = sourcecode.swift; path = UserDefaultsManager.swift; sourceTree = "<group>"; };
		A52FA965282CD98D00E97CED /* UserModel.swift */ = {isa = PBXFileReference; lastKnownFileType = sourcecode.swift; path = UserModel.swift; sourceTree = "<group>"; };
		A52FA967282CDEE900E97CED /* AletrtOk.swift */ = {isa = PBXFileReference; lastKnownFileType = sourcecode.swift; path = AletrtOk.swift; sourceTree = "<group>"; };
		A560401D2822D0C600FDAD34 /* UIViewController+Extension.swift */ = {isa = PBXFileReference; lastKnownFileType = sourcecode.swift; path = "UIViewController+Extension.swift"; sourceTree = "<group>"; };
		A560401F2822D2F400FDAD34 /* DetailAlbumViewController.swift */ = {isa = PBXFileReference; lastKnownFileType = sourcecode.swift; path = DetailAlbumViewController.swift; sourceTree = "<group>"; };
		A56040212822D30600FDAD34 /* UserInfoViewController.swift */ = {isa = PBXFileReference; lastKnownFileType = sourcecode.swift; path = UserInfoViewController.swift; sourceTree = "<group>"; };
		A56040252822D6F500FDAD34 /* AlbumTableViewCell.swift */ = {isa = PBXFileReference; lastKnownFileType = sourcecode.swift; path = AlbumTableViewCell.swift; sourceTree = "<group>"; };
		A56E64BC28241CA00065DE53 /* SongsCollectionViewCell.swift */ = {isa = PBXFileReference; lastKnownFileType = sourcecode.swift; path = SongsCollectionViewCell.swift; sourceTree = "<group>"; };
		A5831A0D28227228001D9D03 /* itunesTestTask.app */ = {isa = PBXFileReference; explicitFileType = wrapper.application; includeInIndex = 0; path = itunesTestTask.app; sourceTree = BUILT_PRODUCTS_DIR; };
		A5831A1028227229001D9D03 /* AppDelegate.swift */ = {isa = PBXFileReference; lastKnownFileType = sourcecode.swift; path = AppDelegate.swift; sourceTree = "<group>"; };
		A5831A1428227229001D9D03 /* AuthViewController.swift */ = {isa = PBXFileReference; lastKnownFileType = sourcecode.swift; path = AuthViewController.swift; sourceTree = "<group>"; };
		A5831A192822722A001D9D03 /* Assets.xcassets */ = {isa = PBXFileReference; lastKnownFileType = folder.assetcatalog; path = Assets.xcassets; sourceTree = "<group>"; };
		A5831A1C2822722A001D9D03 /* Base */ = {isa = PBXFileReference; lastKnownFileType = file.storyboard; name = Base; path = Base.lproj/LaunchScreen.storyboard; sourceTree = "<group>"; };
		A5831A1E2822722A001D9D03 /* Info.plist */ = {isa = PBXFileReference; lastKnownFileType = text.plist.xml; path = Info.plist; sourceTree = "<group>"; };
		A5831A2428227B5A001D9D03 /* SignUpViewController.swift */ = {isa = PBXFileReference; lastKnownFileType = sourcecode.swift; path = SignUpViewController.swift; sourceTree = "<group>"; };
		A5831A2628227B6D001D9D03 /* AlbumsViewController.swift */ = {isa = PBXFileReference; lastKnownFileType = sourcecode.swift; path = AlbumsViewController.swift; sourceTree = "<group>"; };
		A5831A2A28227F0C001D9D03 /* UIStackView+Extensions.swift */ = {isa = PBXFileReference; lastKnownFileType = sourcecode.swift; path = "UIStackView+Extensions.swift"; sourceTree = "<group>"; };
		A5CAC7F4282669750036954F /* String+Extension.swift */ = {isa = PBXFileReference; lastKnownFileType = sourcecode.swift; path = "String+Extension.swift"; sourceTree = "<group>"; };
/* End PBXFileReference section */

/* Begin PBXFrameworksBuildPhase section */
		A5831A0A28227228001D9D03 /* Frameworks */ = {
			isa = PBXFrameworksBuildPhase;
			buildActionMask = 2147483647;
			files = (
			);
			runOnlyForDeploymentPostprocessing = 0;
		};
/* End PBXFrameworksBuildPhase section */

/* Begin PBXGroup section */
		A52FA961282CD88500E97CED /* Services */ = {
			isa = PBXGroup;
			children = (
				A52FA962282CD8AA00E97CED /* UserDefaultsManager.swift */,
			);
			path = Services;
			sourceTree = "<group>";
		};
		A52FA964282CD97300E97CED /* Models */ = {
			isa = PBXGroup;
			children = (
				A52FA965282CD98D00E97CED /* UserModel.swift */,
				A52FA967282CDEE900E97CED /* AletrtOk.swift */,
			);
			path = Models;
			sourceTree = "<group>";
		};
		A56040232822D67400FDAD34 /* Controllers */ = {
			isa = PBXGroup;
			children = (
				A56040242822D68600FDAD34 /* Cells */,
				A5831A1428227229001D9D03 /* AuthViewController.swift */,
				A5831A2428227B5A001D9D03 /* SignUpViewController.swift */,
				A5831A2628227B6D001D9D03 /* AlbumsViewController.swift */,
				A560401F2822D2F400FDAD34 /* DetailAlbumViewController.swift */,
				A56040212822D30600FDAD34 /* UserInfoViewController.swift */,
			);
			path = Controllers;
			sourceTree = "<group>";
		};
		A56040242822D68600FDAD34 /* Cells */ = {
			isa = PBXGroup;
			children = (
				A56040252822D6F500FDAD34 /* AlbumTableViewCell.swift */,
				A56E64BC28241CA00065DE53 /* SongsCollectionViewCell.swift */,
			);
			path = Cells;
			sourceTree = "<group>";
		};
		A5831A0428227228001D9D03 = {
			isa = PBXGroup;
			children = (
				A5831A0F28227228001D9D03 /* itunesTestTask */,
				A5831A0E28227228001D9D03 /* Products */,
			);
			sourceTree = "<group>";
		};
		A5831A0E28227228001D9D03 /* Products */ = {
			isa = PBXGroup;
			children = (
				A5831A0D28227228001D9D03 /* itunesTestTask.app */,
			);
			name = Products;
			sourceTree = "<group>";
		};
		A5831A0F28227228001D9D03 /* itunesTestTask */ = {
			isa = PBXGroup;
			children = (
				A5831A1028227229001D9D03 /* AppDelegate.swift */,
				A56040232822D67400FDAD34 /* Controllers */,
				A52FA964282CD97300E97CED /* Models */,
				A52FA961282CD88500E97CED /* Services */,
				A5831A2828227EA8001D9D03 /* Extensions */,
				A5831A192822722A001D9D03 /* Assets.xcassets */,
				A5831A1B2822722A001D9D03 /* LaunchScreen.storyboard */,
				A5831A1E2822722A001D9D03 /* Info.plist */,
			);
			path = itunesTestTask;
			sourceTree = "<group>";
		};
		A5831A2828227EA8001D9D03 /* Extensions */ = {
			isa = PBXGroup;
			children = (
				A5831A2928227EE4001D9D03 /* UIKit */,
				A5CAC7F4282669750036954F /* String+Extension.swift */,
			);
			path = Extensions;
			sourceTree = "<group>";
		};
		A5831A2928227EE4001D9D03 /* UIKit */ = {
			isa = PBXGroup;
			children = (
				A5831A2A28227F0C001D9D03 /* UIStackView+Extensions.swift */,
				A560401D2822D0C600FDAD34 /* UIViewController+Extension.swift */,
			);
			path = UIKit;
			sourceTree = "<group>";
		};
/* End PBXGroup section */

/* Begin PBXNativeTarget section */
		A5831A0C28227228001D9D03 /* itunesTestTask */ = {
			isa = PBXNativeTarget;
			buildConfigurationList = A5831A212822722A001D9D03 /* Build configuration list for PBXNativeTarget "itunesTestTask" */;
			buildPhases = (
				A5831A0928227228001D9D03 /* Sources */,
				A5831A0A28227228001D9D03 /* Frameworks */,
				A5831A0B28227228001D9D03 /* Resources */,
			);
			buildRules = (
			);
			dependencies = (
			);
			name = itunesTestTask;
			productName = itunesTestTask;
			productReference = A5831A0D28227228001D9D03 /* itunesTestTask.app */;
			productType = "com.apple.product-type.application";
		};
/* End PBXNativeTarget section */

/* Begin PBXProject section */
		A5831A0528227228001D9D03 /* Project object */ = {
			isa = PBXProject;
			attributes = {
				BuildIndependentTargetsInParallel = 1;
				LastSwiftUpdateCheck = 1320;
				LastUpgradeCheck = 1320;
				TargetAttributes = {
					A5831A0C28227228001D9D03 = {
						CreatedOnToolsVersion = 13.2.1;
					};
				};
			};
			buildConfigurationList = A5831A0828227228001D9D03 /* Build configuration list for PBXProject "itunesTestTask" */;
			compatibilityVersion = "Xcode 13.0";
			developmentRegion = en;
			hasScannedForEncodings = 0;
			knownRegions = (
				en,
				Base,
			);
			mainGroup = A5831A0428227228001D9D03;
			productRefGroup = A5831A0E28227228001D9D03 /* Products */;
			projectDirPath = "";
			projectRoot = "";
			targets = (
				A5831A0C28227228001D9D03 /* itunesTestTask */,
			);
		};
/* End PBXProject section */

/* Begin PBXResourcesBuildPhase section */
		A5831A0B28227228001D9D03 /* Resources */ = {
			isa = PBXResourcesBuildPhase;
			buildActionMask = 2147483647;
			files = (
				A5831A1D2822722A001D9D03 /* LaunchScreen.storyboard in Resources */,
				A5831A1A2822722A001D9D03 /* Assets.xcassets in Resources */,
			);
			runOnlyForDeploymentPostprocessing = 0;
		};
/* End PBXResourcesBuildPhase section */

/* Begin PBXSourcesBuildPhase section */
		A5831A0928227228001D9D03 /* Sources */ = {
			isa = PBXSourcesBuildPhase;
			buildActionMask = 2147483647;
			files = (
				A560401E2822D0C600FDAD34 /* UIViewController+Extension.swift in Sources */,
				A52FA968282CDEE900E97CED /* AletrtOk.swift in Sources */,
				A5CAC7F5282669750036954F /* String+Extension.swift in Sources */,
				A52FA963282CD8AA00E97CED /* UserDefaultsManager.swift in Sources */,
				A56040222822D30600FDAD34 /* UserInfoViewController.swift in Sources */,
				A56040202822D2F400FDAD34 /* DetailAlbumViewController.swift in Sources */,
				A52FA966282CD98D00E97CED /* UserModel.swift in Sources */,
				A56E64BD28241CA00065DE53 /* SongsCollectionViewCell.swift in Sources */,
				A5831A2728227B6D001D9D03 /* AlbumsViewController.swift in Sources */,
				A5831A2528227B5A001D9D03 /* SignUpViewController.swift in Sources */,
				A56040262822D6F500FDAD34 /* AlbumTableViewCell.swift in Sources */,
				A5831A2B28227F0C001D9D03 /* UIStackView+Extensions.swift in Sources */,
				A5831A1528227229001D9D03 /* AuthViewController.swift in Sources */,
				A5831A1128227229001D9D03 /* AppDelegate.swift in Sources */,
			);
			runOnlyForDeploymentPostprocessing = 0;
		};
/* End PBXSourcesBuildPhase section */

/* Begin PBXVariantGroup section */
		A5831A1B2822722A001D9D03 /* LaunchScreen.storyboard */ = {
			isa = PBXVariantGroup;
			children = (
				A5831A1C2822722A001D9D03 /* Base */,
			);
			name = LaunchScreen.storyboard;
			sourceTree = "<group>";
		};
/* End PBXVariantGroup section */

/* Begin XCBuildConfiguration section */
		A5831A1F2822722A001D9D03 /* Debug */ = {
			isa = XCBuildConfiguration;
			buildSettings = {
				ALWAYS_SEARCH_USER_PATHS = NO;
				CLANG_ANALYZER_NONNULL = YES;
				CLANG_ANALYZER_NUMBER_OBJECT_CONVERSION = YES_AGGRESSIVE;
				CLANG_CXX_LANGUAGE_STANDARD = "gnu++17";
				CLANG_CXX_LIBRARY = "libc++";
				CLANG_ENABLE_MODULES = YES;
				CLANG_ENABLE_OBJC_ARC = YES;
				CLANG_ENABLE_OBJC_WEAK = YES;
				CLANG_WARN_BLOCK_CAPTURE_AUTORELEASING = YES;
				CLANG_WARN_BOOL_CONVERSION = YES;
				CLANG_WARN_COMMA = YES;
				CLANG_WARN_CONSTANT_CONVERSION = YES;
				CLANG_WARN_DEPRECATED_OBJC_IMPLEMENTATIONS = YES;
				CLANG_WARN_DIRECT_OBJC_ISA_USAGE = YES_ERROR;
				CLANG_WARN_DOCUMENTATION_COMMENTS = YES;
				CLANG_WARN_EMPTY_BODY = YES;
				CLANG_WARN_ENUM_CONVERSION = YES;
				CLANG_WARN_INFINITE_RECURSION = YES;
				CLANG_WARN_INT_CONVERSION = YES;
				CLANG_WARN_NON_LITERAL_NULL_CONVERSION = YES;
				CLANG_WARN_OBJC_IMPLICIT_RETAIN_SELF = YES;
				CLANG_WARN_OBJC_LITERAL_CONVERSION = YES;
				CLANG_WARN_OBJC_ROOT_CLASS = YES_ERROR;
				CLANG_WARN_QUOTED_INCLUDE_IN_FRAMEWORK_HEADER = YES;
				CLANG_WARN_RANGE_LOOP_ANALYSIS = YES;
				CLANG_WARN_STRICT_PROTOTYPES = YES;
				CLANG_WARN_SUSPICIOUS_MOVE = YES;
				CLANG_WARN_UNGUARDED_AVAILABILITY = YES_AGGRESSIVE;
				CLANG_WARN_UNREACHABLE_CODE = YES;
				CLANG_WARN__DUPLICATE_METHOD_MATCH = YES;
				COPY_PHASE_STRIP = NO;
				DEBUG_INFORMATION_FORMAT = dwarf;
				ENABLE_STRICT_OBJC_MSGSEND = YES;
				ENABLE_TESTABILITY = YES;
				GCC_C_LANGUAGE_STANDARD = gnu11;
				GCC_DYNAMIC_NO_PIC = NO;
				GCC_NO_COMMON_BLOCKS = YES;
				GCC_OPTIMIZATION_LEVEL = 0;
				GCC_PREPROCESSOR_DEFINITIONS = (
					"DEBUG=1",
					"$(inherited)",
				);
				GCC_WARN_64_TO_32_BIT_CONVERSION = YES;
				GCC_WARN_ABOUT_RETURN_TYPE = YES_ERROR;
				GCC_WARN_UNDECLARED_SELECTOR = YES;
				GCC_WARN_UNINITIALIZED_AUTOS = YES_AGGRESSIVE;
				GCC_WARN_UNUSED_FUNCTION = YES;
				GCC_WARN_UNUSED_VARIABLE = YES;
				IPHONEOS_DEPLOYMENT_TARGET = 15.2;
				MTL_ENABLE_DEBUG_INFO = INCLUDE_SOURCE;
				MTL_FAST_MATH = YES;
				ONLY_ACTIVE_ARCH = YES;
				SDKROOT = iphoneos;
				SWIFT_ACTIVE_COMPILATION_CONDITIONS = DEBUG;
				SWIFT_OPTIMIZATION_LEVEL = "-Onone";
			};
			name = Debug;
		};
		A5831A202822722A001D9D03 /* Release */ = {
			isa = XCBuildConfiguration;
			buildSettings = {
				ALWAYS_SEARCH_USER_PATHS = NO;
				CLANG_ANALYZER_NONNULL = YES;
				CLANG_ANALYZER_NUMBER_OBJECT_CONVERSION = YES_AGGRESSIVE;
				CLANG_CXX_LANGUAGE_STANDARD = "gnu++17";
				CLANG_CXX_LIBRARY = "libc++";
				CLANG_ENABLE_MODULES = YES;
				CLANG_ENABLE_OBJC_ARC = YES;
				CLANG_ENABLE_OBJC_WEAK = YES;
				CLANG_WARN_BLOCK_CAPTURE_AUTORELEASING = YES;
				CLANG_WARN_BOOL_CONVERSION = YES;
				CLANG_WARN_COMMA = YES;
				CLANG_WARN_CONSTANT_CONVERSION = YES;
				CLANG_WARN_DEPRECATED_OBJC_IMPLEMENTATIONS = YES;
				CLANG_WARN_DIRECT_OBJC_ISA_USAGE = YES_ERROR;
				CLANG_WARN_DOCUMENTATION_COMMENTS = YES;
				CLANG_WARN_EMPTY_BODY = YES;
				CLANG_WARN_ENUM_CONVERSION = YES;
				CLANG_WARN_INFINITE_RECURSION = YES;
				CLANG_WARN_INT_CONVERSION = YES;
				CLANG_WARN_NON_LITERAL_NULL_CONVERSION = YES;
				CLANG_WARN_OBJC_IMPLICIT_RETAIN_SELF = YES;
				CLANG_WARN_OBJC_LITERAL_CONVERSION = YES;
				CLANG_WARN_OBJC_ROOT_CLASS = YES_ERROR;
				CLANG_WARN_QUOTED_INCLUDE_IN_FRAMEWORK_HEADER = YES;
				CLANG_WARN_RANGE_LOOP_ANALYSIS = YES;
				CLANG_WARN_STRICT_PROTOTYPES = YES;
				CLANG_WARN_SUSPICIOUS_MOVE = YES;
				CLANG_WARN_UNGUARDED_AVAILABILITY = YES_AGGRESSIVE;
				CLANG_WARN_UNREACHABLE_CODE = YES;
				CLANG_WARN__DUPLICATE_METHOD_MATCH = YES;
				COPY_PHASE_STRIP = NO;
				DEBUG_INFORMATION_FORMAT = "dwarf-with-dsym";
				ENABLE_NS_ASSERTIONS = NO;
				ENABLE_STRICT_OBJC_MSGSEND = YES;
				GCC_C_LANGUAGE_STANDARD = gnu11;
				GCC_NO_COMMON_BLOCKS = YES;
				GCC_WARN_64_TO_32_BIT_CONVERSION = YES;
				GCC_WARN_ABOUT_RETURN_TYPE = YES_ERROR;
				GCC_WARN_UNDECLARED_SELECTOR = YES;
				GCC_WARN_UNINITIALIZED_AUTOS = YES_AGGRESSIVE;
				GCC_WARN_UNUSED_FUNCTION = YES;
				GCC_WARN_UNUSED_VARIABLE = YES;
				IPHONEOS_DEPLOYMENT_TARGET = 15.2;
				MTL_ENABLE_DEBUG_INFO = NO;
				MTL_FAST_MATH = YES;
				SDKROOT = iphoneos;
				SWIFT_COMPILATION_MODE = wholemodule;
				SWIFT_OPTIMIZATION_LEVEL = "-O";
				VALIDATE_PRODUCT = YES;
			};
			name = Release;
		};
		A5831A222822722A001D9D03 /* Debug */ = {
			isa = XCBuildConfiguration;
			buildSettings = {
				ASSETCATALOG_COMPILER_APPICON_NAME = AppIcon;
				ASSETCATALOG_COMPILER_GLOBAL_ACCENT_COLOR_NAME = AccentColor;
				CODE_SIGN_STYLE = Automatic;
				CURRENT_PROJECT_VERSION = 1;
				DEVELOPMENT_TEAM = GAKBVLA39K;
				GENERATE_INFOPLIST_FILE = YES;
				INFOPLIST_FILE = itunesTestTask/Info.plist;
				INFOPLIST_KEY_UIApplicationSupportsIndirectInputEvents = YES;
				INFOPLIST_KEY_UILaunchStoryboardName = LaunchScreen;
				INFOPLIST_KEY_UISupportedInterfaceOrientations_iPad = "UIInterfaceOrientationPortrait UIInterfaceOrientationPortraitUpsideDown UIInterfaceOrientationLandscapeLeft UIInterfaceOrientationLandscapeRight";
				INFOPLIST_KEY_UISupportedInterfaceOrientations_iPhone = "UIInterfaceOrientationPortrait UIInterfaceOrientationLandscapeLeft UIInterfaceOrientationLandscapeRight";
				LD_RUNPATH_SEARCH_PATHS = (
					"$(inherited)",
					"@executable_path/Frameworks",
				);
				MARKETING_VERSION = 1.0;
				PRODUCT_BUNDLE_IDENTIFIER = SergeiKrainov.itunesTestTask;
				PRODUCT_NAME = "$(TARGET_NAME)";
				SWIFT_EMIT_LOC_STRINGS = YES;
				SWIFT_VERSION = 5.0;
				TARGETED_DEVICE_FAMILY = "1,2";
			};
			name = Debug;
		};
		A5831A232822722A001D9D03 /* Release */ = {
			isa = XCBuildConfiguration;
			buildSettings = {
				ASSETCATALOG_COMPILER_APPICON_NAME = AppIcon;
				ASSETCATALOG_COMPILER_GLOBAL_ACCENT_COLOR_NAME = AccentColor;
				CODE_SIGN_STYLE = Automatic;
				CURRENT_PROJECT_VERSION = 1;
				DEVELOPMENT_TEAM = GAKBVLA39K;
				GENERATE_INFOPLIST_FILE = YES;
				INFOPLIST_FILE = itunesTestTask/Info.plist;
				INFOPLIST_KEY_UIApplicationSupportsIndirectInputEvents = YES;
				INFOPLIST_KEY_UILaunchStoryboardName = LaunchScreen;
				INFOPLIST_KEY_UISupportedInterfaceOrientations_iPad = "UIInterfaceOrientationPortrait UIInterfaceOrientationPortraitUpsideDown UIInterfaceOrientationLandscapeLeft UIInterfaceOrientationLandscapeRight";
				INFOPLIST_KEY_UISupportedInterfaceOrientations_iPhone = "UIInterfaceOrientationPortrait UIInterfaceOrientationLandscapeLeft UIInterfaceOrientationLandscapeRight";
				LD_RUNPATH_SEARCH_PATHS = (
					"$(inherited)",
					"@executable_path/Frameworks",
				);
				MARKETING_VERSION = 1.0;
				PRODUCT_BUNDLE_IDENTIFIER = SergeiKrainov.itunesTestTask;
				PRODUCT_NAME = "$(TARGET_NAME)";
				SWIFT_EMIT_LOC_STRINGS = YES;
				SWIFT_VERSION = 5.0;
				TARGETED_DEVICE_FAMILY = "1,2";
			};
			name = Release;
		};
/* End XCBuildConfiguration section */

/* Begin XCConfigurationList section */
		A5831A0828227228001D9D03 /* Build configuration list for PBXProject "itunesTestTask" */ = {
			isa = XCConfigurationList;
			buildConfigurations = (
				A5831A1F2822722A001D9D03 /* Debug */,
				A5831A202822722A001D9D03 /* Release */,
			);
			defaultConfigurationIsVisible = 0;
			defaultConfigurationName = Release;
		};
		A5831A212822722A001D9D03 /* Build configuration list for PBXNativeTarget "itunesTestTask" */ = {
			isa = XCConfigurationList;
			buildConfigurations = (
				A5831A222822722A001D9D03 /* Debug */,
				A5831A232822722A001D9D03 /* Release */,
			);
			defaultConfigurationIsVisible = 0;
			defaultConfigurationName = Release;
		};
/* End XCConfigurationList section */
	};
	rootObject = A5831A0528227228001D9D03 /* Project object */;
}
